
Microsoft Visual Studio Solution File, Format Version 12.00
# Visual Studio 14
VisualStudioVersion = 14.0.23107.0
MinimumVisualStudioVersion = 10.0.40219.1
Project("{FAE04EC0-301F-11D3-BF4B-00C04F79EFBC}") = "Bridge", "Bridge\Bridge.csproj", "{9BA79A40-9B8F-4822-9D1D-F9483A2E1436}"
EndProject
Project("{FAE04EC0-301F-11D3-BF4B-00C04F79EFBC}") = "Bridge.EF", "Bridge.EF\Bridge.EF.csproj", "{5A360043-23CF-4A63-B5E2-F22DFA92B63E}"
EndProject
Project("{FAE04EC0-301F-11D3-BF4B-00C04F79EFBC}") = "Bridge.EF.Tests", "Bridge.EF.Tests\Bridge.EF.Tests.csproj", "{CB8D95E2-3FA4-4820-B043-5636EAB3DEAB}"
EndProject
Project("{FAE04EC0-301F-11D3-BF4B-00C04F79EFBC}") = "Bridge.Tests", "Bridge.Tests\Bridge.Tests.csproj", "{7765F339-0DB1-44F5-9DC7-AF7CA8DE21B0}"
EndProject
Project("{FAE04EC0-301F-11D3-BF4B-00C04F79EFBC}") = "Bridge.Db", "Bridge.Db\Bridge.Db.csproj", "{950A4F09-A569-431B-9B48-5310F8CA085E}"
EndProject
Project("{2150E333-8FDC-42A3-9474-1A3956D46DE8}") = "Solution Items", "Solution Items", "{6E1F11B4-29AB-4219-9957-CF735329101C}"
	ProjectSection(SolutionItems) = preProject
		License.txt = License.txt
		Readme.md = Readme.md
	EndProjectSection
EndProject
Global
	GlobalSection(SolutionConfigurationPlatforms) = preSolution
		Debug|Any CPU = Debug|Any CPU
		Release|Any CPU = Release|Any CPU
	EndGlobalSection
	GlobalSection(ProjectConfigurationPlatforms) = postSolution
		{9BA79A40-9B8F-4822-9D1D-F9483A2E1436}.Debug|Any CPU.ActiveCfg = Debug|Any CPU
		{9BA79A40-9B8F-4822-9D1D-F9483A2E1436}.Debug|Any CPU.Build.0 = Debug|Any CPU
		{9BA79A40-9B8F-4822-9D1D-F9483A2E1436}.Release|Any CPU.ActiveCfg = Release|Any CPU
		{9BA79A40-9B8F-4822-9D1D-F9483A2E1436}.Release|Any CPU.Build.0 = Release|Any CPU
		{5A360043-23CF-4A63-B5E2-F22DFA92B63E}.Debug|Any CPU.ActiveCfg = Debug|Any CPU
		{5A360043-23CF-4A63-B5E2-F22DFA92B63E}.Debug|Any CPU.Build.0 = Debug|Any CPU
		{5A360043-23CF-4A63-B5E2-F22DFA92B63E}.Release|Any CPU.ActiveCfg = Release|Any CPU
		{5A360043-23CF-4A63-B5E2-F22DFA92B63E}.Release|Any CPU.Build.0 = Release|Any CPU
		{CB8D95E2-3FA4-4820-B043-5636EAB3DEAB}.Debug|Any CPU.ActiveCfg = Debug|Any CPU
		{CB8D95E2-3FA4-4820-B043-5636EAB3DEAB}.Debug|Any CPU.Build.0 = Debug|Any CPU
		{CB8D95E2-3FA4-4820-B043-5636EAB3DEAB}.Release|Any CPU.ActiveCfg = Release|Any CPU
		{CB8D95E2-3FA4-4820-B043-5636EAB3DEAB}.Release|Any CPU.Build.0 = Release|Any CPU
		{7765F339-0DB1-44F5-9DC7-AF7CA8DE21B0}.Debug|Any CPU.ActiveCfg = Debug|Any CPU
		{7765F339-0DB1-44F5-9DC7-AF7CA8DE21B0}.Debug|Any CPU.Build.0 = Debug|Any CPU
		{7765F339-0DB1-44F5-9DC7-AF7CA8DE21B0}.Release|Any CPU.ActiveCfg = Release|Any CPU
		{7765F339-0DB1-44F5-9DC7-AF7CA8DE21B0}.Release|Any CPU.Build.0 = Release|Any CPU
		{950A4F09-A569-431B-9B48-5310F8CA085E}.Debug|Any CPU.ActiveCfg = Debug|Any CPU
		{950A4F09-A569-431B-9B48-5310F8CA085E}.Debug|Any CPU.Build.0 = Debug|Any CPU
		{950A4F09-A569-431B-9B48-5310F8CA085E}.Release|Any CPU.ActiveCfg = Release|Any CPU
		{950A4F09-A569-431B-9B48-5310F8CA085E}.Release|Any CPU.Build.0 = Release|Any CPU
	EndGlobalSection
	GlobalSection(SolutionProperties) = preSolution
		HideSolutionNode = FALSE
	EndGlobalSection
EndGlobal
